<?xml version="1.0" encoding="UTF-8" standalone="yes" ?>
<CodeBlocks_project_file>
	<FileVersion major="1" minor="6" />
	<Project>
		<Option title="Kartodromo" />
		<Option pch_mode="2" />
		<Option compiler="gcc-mingw32" />
		<Build>
			<Target title="Debug">
				<Option output="bin/Debug/Kartodromo" prefix_auto="1" extension_auto="1" />
				<Option object_output="obj/Debug/" />
				<Option type="1" />
				<Option compiler="gcc-mingw32" />
			</Target>
			<Target title="Release">
				<Option output="bin/Release/Kartodromo" prefix_auto="1" extension_auto="1" />
				<Option object_output="obj/Release/" />
				<Option type="1" />
				<Option compiler="gcc-mingw32" />
			</Target>
		</Build>
		<Unit filename="Carrera.cpp" />
		<Unit filename="Categorias.cpp" />
		<Unit filename="Clientes.cpp" />
		<Unit filename="Contratacion.cpp" />
		<Unit filename="Participantes.cpp" />
		<Unit filename="carrera.h" />
		<Unit filename="categorias.h" />
		<Unit filename="clientes.h" />
		<Unit filename="contratacion.h" />
		<Unit filename="main.cpp" />
		<Unit filename="participantes.h" />
		<Extensions />
	</Project>
</CodeBlocks_project_file>
