<?xml version="1.0" encoding="UTF-8" standalone="yes" ?>
<CodeBlocks_project_file>
	<FileVersion major="1" minor="6" />
	<Project>
		<Option title="kartodromo" />
		<Option pch_mode="2" />
		<Option compiler="gcc" />
		<Build>
			<Target title="Debug">
				<Option output="bin/Debug/kartodromo" prefix_auto="1" extension_auto="1" />
				<Option object_output="obj/Debug/" />
				<Option type="1" />
				<Option compiler="gcc" />
				<Compiler>
					<Add option="-g" />
				</Compiler>
			</Target>
			<Target title="Release">
				<Option output="bin/Release/kartodromo" prefix_auto="1" extension_auto="1" />
				<Option object_output="obj/Release/" />
				<Option type="1" />
				<Option compiler="gcc" />
				<Compiler>
					<Add option="-O2" />
				</Compiler>
				<Linker>
					<Add option="-s" />
				</Linker>
			</Target>
		</Build>
		<Compiler>
			<Add option="-Wall" />
			<Add option="-fexceptions" />
		</Compiler>
		<Unit filename="Carrera.cpp" />
		<Unit filename="Carrera.h" />
		<Unit filename="Categorias.cpp">
			<Option target="&lt;{~None~}&gt;" />
		</Unit>
		<Unit filename="Categorias.h">
			<Option target="&lt;{~None~}&gt;" />
		</Unit>
		<Unit filename="Clientes.cpp" />
		<Unit filename="Clientes.h" />
		<Unit filename="Contratacion.cpp">
			<Option target="&lt;{~None~}&gt;" />
		</Unit>
		<Unit filename="Contratacion.h">
			<Option target="&lt;{~None~}&gt;" />
		</Unit>
		<Unit filename="Fecha.cpp" />
		<Unit filename="Fecha.h" />
		<Unit filename="MenuCarreras.cpp" />
		<Unit filename="MenuCarreras.h">
			<Option target="&lt;{~None~}&gt;" />
		</Unit>
		<Unit filename="MenuClientes.cpp" />
		<Unit filename="MenuClientes.h" />
		<Unit filename="Participantes.cpp" />
		<Unit filename="Participantes.h" />
		<Unit filename="archivoCarreras.cpp" />
		<Unit filename="archivoCarreras.h">
			<Option target="&lt;{~None~}&gt;" />
		</Unit>
		<Unit filename="archivoClientes.cpp" />
		<Unit filename="archivoClientes.h">
			<Option target="&lt;{~None~}&gt;" />
		</Unit>
		<Unit filename="main.cpp" />
		<Extensions />
	</Project>
</CodeBlocks_project_file>
